
Microsoft Visual Studio Solution File, Format Version 12.00
# Visual Studio Version 16
VisualStudioVersion = 16.0.29230.47
MinimumVisualStudioVersion = 10.0.40219.1
Project("{9A19103F-16F7-4668-BE54-9A1E7A4F7556}") = "FarmMaster", "FarmMaster\FarmMaster.csproj", "{45142521-0408-4429-B19B-7CFF0C1ECFED}"
EndProject
Project("{9A19103F-16F7-4668-BE54-9A1E7A4F7556}") = "Business", "Business\Business.csproj", "{0EE1822C-9E55-44C3-A762-77B7AA525A32}"
EndProject
Global
	GlobalSection(SolutionConfigurationPlatforms) = preSolution
		Debug|Any CPU = Debug|Any CPU
		Release|Any CPU = Release|Any CPU
	EndGlobalSection
	GlobalSection(ProjectConfigurationPlatforms) = postSolution
		{45142521-0408-4429-B19B-7CFF0C1ECFED}.Debug|Any CPU.ActiveCfg = Debug|Any CPU
		{45142521-0408-4429-B19B-7CFF0C1ECFED}.Debug|Any CPU.Build.0 = Debug|Any CPU
		{45142521-0408-4429-B19B-7CFF0C1ECFED}.Release|Any CPU.ActiveCfg = Release|Any CPU
		{45142521-0408-4429-B19B-7CFF0C1ECFED}.Release|Any CPU.Build.0 = Release|Any CPU
		{0EE1822C-9E55-44C3-A762-77B7AA525A32}.Debug|Any CPU.ActiveCfg = Debug|Any CPU
		{0EE1822C-9E55-44C3-A762-77B7AA525A32}.Debug|Any CPU.Build.0 = Debug|Any CPU
		{0EE1822C-9E55-44C3-A762-77B7AA525A32}.Release|Any CPU.ActiveCfg = Release|Any CPU
		{0EE1822C-9E55-44C3-A762-77B7AA525A32}.Release|Any CPU.Build.0 = Release|Any CPU
	EndGlobalSection
	GlobalSection(SolutionProperties) = preSolution
		HideSolutionNode = FALSE
	EndGlobalSection
	GlobalSection(ExtensibilityGlobals) = postSolution
		SolutionGuid = {E3016E7E-3524-4144-94EC-BC5A8FA5FF0E}
	EndGlobalSection
EndGlobal
