
Microsoft Visual Studio Solution File, Format Version 12.00
# Visual Studio Version 16
VisualStudioVersion = 16.0.29318.209
MinimumVisualStudioVersion = 10.0.40219.1
Project("{9A19103F-16F7-4668-BE54-9A1E7A4F7556}") = "PersonalWebsite", "PersonalWebsite\PersonalWebsite.csproj", "{46149C18-DCCD-462D-828D-4AD1D89C6A7A}"
EndProject
Project("{FAE04EC0-301F-11D3-BF4B-00C04F79EFBC}") = "PersonalWebsiteTests", "PersonalWebsiteTests\PersonalWebsiteTests.csproj", "{D5E721D1-2311-4178-8947-6428BE5D5334}"
EndProject
Global
	GlobalSection(SolutionConfigurationPlatforms) = preSolution
		Debug|Any CPU = Debug|Any CPU
		Release|Any CPU = Release|Any CPU
	EndGlobalSection
	GlobalSection(ProjectConfigurationPlatforms) = postSolution
		{46149C18-DCCD-462D-828D-4AD1D89C6A7A}.Debug|Any CPU.ActiveCfg = Debug|Any CPU
		{46149C18-DCCD-462D-828D-4AD1D89C6A7A}.Debug|Any CPU.Build.0 = Debug|Any CPU
		{46149C18-DCCD-462D-828D-4AD1D89C6A7A}.Release|Any CPU.ActiveCfg = Release|Any CPU
		{46149C18-DCCD-462D-828D-4AD1D89C6A7A}.Release|Any CPU.Build.0 = Release|Any CPU
		{D5E721D1-2311-4178-8947-6428BE5D5334}.Debug|Any CPU.ActiveCfg = Debug|Any CPU
		{D5E721D1-2311-4178-8947-6428BE5D5334}.Debug|Any CPU.Build.0 = Debug|Any CPU
		{D5E721D1-2311-4178-8947-6428BE5D5334}.Release|Any CPU.ActiveCfg = Release|Any CPU
		{D5E721D1-2311-4178-8947-6428BE5D5334}.Release|Any CPU.Build.0 = Release|Any CPU
	EndGlobalSection
	GlobalSection(SolutionProperties) = preSolution
		HideSolutionNode = FALSE
	EndGlobalSection
	GlobalSection(ExtensibilityGlobals) = postSolution
		SolutionGuid = {FEC6106F-F995-4402-A948-2F36FA5F4CE5}
	EndGlobalSection
EndGlobal
